// !$*UTF8*$!
{
	archiveVersion = 1;
	classes = {
	};
	objectVersion = 55;
	objects = {

/* Begin PBXBuildFile section */
		8A03073D28A22CCD00600584 /* AsyncImageTutorialApp.swift in Sources */ = {isa = PBXBuildFile; fileRef = 8A03073C28A22CCD00600584 /* AsyncImageTutorialApp.swift */; };
		8A03073F28A22CCD00600584 /* ContentView.swift in Sources */ = {isa = PBXBuildFile; fileRef = 8A03073E28A22CCD00600584 /* ContentView.swift */; };
		8A03074128A22CCF00600584 /* Assets.xcassets in Resources */ = {isa = PBXBuildFile; fileRef = 8A03074028A22CCF00600584 /* Assets.xcassets */; };
		8A03074428A22CCF00600584 /* Preview Assets.xcassets in Resources */ = {isa = PBXBuildFile; fileRef = 8A03074328A22CCF00600584 /* Preview Assets.xcassets */; };
		8A03074A28A22EE100600584 /* MainView.swift in Sources */ = {isa = PBXBuildFile; fileRef = 8A03074928A22EE100600584 /* MainView.swift */; };
		8A03074C28A22F4700600584 /* BasicAsyncImage.swift in Sources */ = {isa = PBXBuildFile; fileRef = 8A03074B28A22F4700600584 /* BasicAsyncImage.swift */; };
		8A03074F28A2304F00600584 /* ScaleAsyncImage.swift in Sources */ = {isa = PBXBuildFile; fileRef = 8A03074E28A2304F00600584 /* ScaleAsyncImage.swift */; };
		8A03075128A2354200600584 /* PlaceholderAsyncImage.swift in Sources */ = {isa = PBXBuildFile; fileRef = 8A03075028A2354200600584 /* PlaceholderAsyncImage.swift */; };
		8A03075328A2376B00600584 /* PhaseAsyncImage.swift in Sources */ = {isa = PBXBuildFile; fileRef = 8A03075228A2376B00600584 /* PhaseAsyncImage.swift */; };
		8A03075528A23AFE00600584 /* AnimationAsyncImage.swift in Sources */ = {isa = PBXBuildFile; fileRef = 8A03075428A23AFE00600584 /* AnimationAsyncImage.swift */; };
		8A0C168C2897D40900B67402 /* TodoListApp.swift in Sources */ = {isa = PBXBuildFile; fileRef = 8A0C168B2897D40900B67402 /* TodoListApp.swift */; };
		8A0C16902897D40B00B67402 /* Assets.xcassets in Resources */ = {isa = PBXBuildFile; fileRef = 8A0C168F2897D40B00B67402 /* Assets.xcassets */; };
		8A0C16932897D40B00B67402 /* Preview Assets.xcassets in Resources */ = {isa = PBXBuildFile; fileRef = 8A0C16922897D40B00B67402 /* Preview Assets.xcassets */; };
		8A0C16982897D42300B67402 /* ListView.swift in Sources */ = {isa = PBXBuildFile; fileRef = 8A0C16972897D42300B67402 /* ListView.swift */; };
		8A0C169B2897D50900B67402 /* ListRowView.swift in Sources */ = {isa = PBXBuildFile; fileRef = 8A0C169A2897D50900B67402 /* ListRowView.swift */; };
		8A0C169D2897D64200B67402 /* AddView.swift in Sources */ = {isa = PBXBuildFile; fileRef = 8A0C169C2897D64200B67402 /* AddView.swift */; };
		8A0C16A12897EAF400B67402 /* ListViewModel.swift in Sources */ = {isa = PBXBuildFile; fileRef = 8A0C16A02897EAF400B67402 /* ListViewModel.swift */; };
		8A18D6FF28B2217B0043A6E6 /* PinchApp.swift in Sources */ = {isa = PBXBuildFile; fileRef = 8A18D6FE28B2217B0043A6E6 /* PinchApp.swift */; };
		8A18D70128B2217B0043A6E6 /* ContentView.swift in Sources */ = {isa = PBXBuildFile; fileRef = 8A18D70028B2217B0043A6E6 /* ContentView.swift */; };
		8A18D70328B2217C0043A6E6 /* Assets.xcassets in Resources */ = {isa = PBXBuildFile; fileRef = 8A18D70228B2217C0043A6E6 /* Assets.xcassets */; };
		8A18D70628B2217C0043A6E6 /* Preview Assets.xcassets in Resources */ = {isa = PBXBuildFile; fileRef = 8A18D70528B2217C0043A6E6 /* Preview Assets.xcassets */; };
		8A18D71028B233EE0043A6E6 /* InfoPanelView.swift in Sources */ = {isa = PBXBuildFile; fileRef = 8A18D70F28B233EE0043A6E6 /* InfoPanelView.swift */; };
		8A18D71228B238850043A6E6 /* ControlImageView.swift in Sources */ = {isa = PBXBuildFile; fileRef = 8A18D71128B238850043A6E6 /* ControlImageView.swift */; };
		8A18D71428B23EE90043A6E6 /* PageModel.swift in Sources */ = {isa = PBXBuildFile; fileRef = 8A18D71328B23EE90043A6E6 /* PageModel.swift */; };
		8A18D71628B23F450043A6E6 /* PageData.swift in Sources */ = {isa = PBXBuildFile; fileRef = 8A18D71528B23F450043A6E6 /* PageData.swift */; };
		8A18D71828B250490043A6E6 /* CustomButton.swift in Sources */ = {isa = PBXBuildFile; fileRef = 8A18D71728B250490043A6E6 /* CustomButton.swift */; };
		8A18D71D28B279620043A6E6 /* IntrinsicSizeView.swift in Sources */ = {isa = PBXBuildFile; fileRef = 8A18D71C28B279620043A6E6 /* IntrinsicSizeView.swift */; };
		8A18D72E28B29E9A0043A6E6 /* RegisterViewController.swift in Sources */ = {isa = PBXBuildFile; fileRef = 8A18D72D28B29E9A0043A6E6 /* RegisterViewController.swift */; };
		8A3A18D028B760E40060E2D8 /* RegisterViewModel.swift in Sources */ = {isa = PBXBuildFile; fileRef = 8A3A18CF28B760E40060E2D8 /* RegisterViewModel.swift */; };
		8A8CCA4328A905A5007AB83B /* RestartApp.swift in Sources */ = {isa = PBXBuildFile; fileRef = 8A8CCA4228A905A5007AB83B /* RestartApp.swift */; };
		8A8CCA4528A905A5007AB83B /* ContentView.swift in Sources */ = {isa = PBXBuildFile; fileRef = 8A8CCA4428A905A5007AB83B /* ContentView.swift */; };
		8A8CCA4728A905A7007AB83B /* Assets.xcassets in Resources */ = {isa = PBXBuildFile; fileRef = 8A8CCA4628A905A7007AB83B /* Assets.xcassets */; };
		8A8CCA4A28A905A7007AB83B /* Preview Assets.xcassets in Resources */ = {isa = PBXBuildFile; fileRef = 8A8CCA4928A905A7007AB83B /* Preview Assets.xcassets */; };
		8A8CCA5328A9079B007AB83B /* chimeup.mp3 in Resources */ = {isa = PBXBuildFile; fileRef = 8A8CCA5128A9079B007AB83B /* chimeup.mp3 */; };
		8A8CCA5428A9079B007AB83B /* success.m4a in Resources */ = {isa = PBXBuildFile; fileRef = 8A8CCA5228A9079B007AB83B /* success.m4a */; };
		8A8CCA5828A90AD6007AB83B /* OnboardingView.swift in Sources */ = {isa = PBXBuildFile; fileRef = 8A8CCA5728A90AD5007AB83B /* OnboardingView.swift */; };
		8A8CCA5A28A90ADE007AB83B /* HomeView.swift in Sources */ = {isa = PBXBuildFile; fileRef = 8A8CCA5928A90ADE007AB83B /* HomeView.swift */; };
		8A8CCA5C28A93172007AB83B /* SlideButton.swift in Sources */ = {isa = PBXBuildFile; fileRef = 8A8CCA5B28A93172007AB83B /* SlideButton.swift */; };
		8A8CCA5E28AA36CB007AB83B /* CircleGroupView.swift in Sources */ = {isa = PBXBuildFile; fileRef = 8A8CCA5D28AA36CB007AB83B /* CircleGroupView.swift */; };
		8A8CCA6028AA5819007AB83B /* AudioPlayer.swift in Sources */ = {isa = PBXBuildFile; fileRef = 8A8CCA5F28AA5819007AB83B /* AudioPlayer.swift */; };
		8A9AD53328A0FD6B00B75470 /* Localizable.strings in Resources */ = {isa = PBXBuildFile; fileRef = 8A9AD53228A0FD6B00B75470 /* Localizable.strings */; };
		8A9AD53428A0FD6B00B75470 /* Localizable.strings in Resources */ = {isa = PBXBuildFile; fileRef = 8A9AD53228A0FD6B00B75470 /* Localizable.strings */; };
		8A9AE06C28A10FB000B75470 /* CustomAppDelegate.swift in Sources */ = {isa = PBXBuildFile; fileRef = 8A9AE06B28A10FB000B75470 /* CustomAppDelegate.swift */; };
		8A9AE07028A12ABF00B75470 /* Util.swift in Sources */ = {isa = PBXBuildFile; fileRef = 8A9AE06F28A12ABF00B75470 /* Util.swift */; };
		8A9AE07628A152DE00B75470 /* MyViewController.swift in Sources */ = {isa = PBXBuildFile; fileRef = 8A9AE07528A152DE00B75470 /* MyViewController.swift */; };
		8AA3331528AE1C4200C7CBFD /* AppDelegate.swift in Sources */ = {isa = PBXBuildFile; fileRef = 8AA3331428AE1C4200C7CBFD /* AppDelegate.swift */; };
		8AA3331728AE1C4200C7CBFD /* SceneDelegate.swift in Sources */ = {isa = PBXBuildFile; fileRef = 8AA3331628AE1C4200C7CBFD /* SceneDelegate.swift */; };
		8AA3331928AE1C4200C7CBFD /* LoginViewController.swift in Sources */ = {isa = PBXBuildFile; fileRef = 8AA3331828AE1C4200C7CBFD /* LoginViewController.swift */; };
		8AA3331E28AE1C4400C7CBFD /* Assets.xcassets in Resources */ = {isa = PBXBuildFile; fileRef = 8AA3331D28AE1C4400C7CBFD /* Assets.xcassets */; };
		8AA3332128AE1C4400C7CBFD /* LaunchScreen.storyboard in Resources */ = {isa = PBXBuildFile; fileRef = 8AA3331F28AE1C4400C7CBFD /* LaunchScreen.storyboard */; };
		8AA3332728AE1E3500C7CBFD /* Coordinator.swift in Sources */ = {isa = PBXBuildFile; fileRef = 8AA3332628AE1E3500C7CBFD /* Coordinator.swift */; };
		8AA3332928AE1FBD00C7CBFD /* LoginView.swift in Sources */ = {isa = PBXBuildFile; fileRef = 8AA3332828AE1FBD00C7CBFD /* LoginView.swift */; };
		8AA3332B28AE20A700C7CBFD /* LoginViewModel.swift in Sources */ = {isa = PBXBuildFile; fileRef = 8AA3332A28AE20A700C7CBFD /* LoginViewModel.swift */; };
		8AA3332D28AE21D700C7CBFD /* SwiftUIWrappers.swift in Sources */ = {isa = PBXBuildFile; fileRef = 8AA3332C28AE21D700C7CBFD /* SwiftUIWrappers.swift */; };
		8AA3332E28AE258200C7CBFD /* CustomUITextField.swift in Sources */ = {isa = PBXBuildFile; fileRef = 8A9AE07328A12E9700B75470 /* CustomUITextField.swift */; };
		8AA3333428AE4EBE00C7CBFD /* RegisterView.swift in Sources */ = {isa = PBXBuildFile; fileRef = 8AA3333328AE4EBE00C7CBFD /* RegisterView.swift */; };
		8AA3333828AE505300C7CBFD /* OnBoardingViewController.swift in Sources */ = {isa = PBXBuildFile; fileRef = 8AA3333728AE505300C7CBFD /* OnBoardingViewController.swift */; };
		8AADCCAE2897AF6400AE80DC /* LearnSwiftUIApp.swift in Sources */ = {isa = PBXBuildFile; fileRef = 8AADCCAD2897AF6400AE80DC /* LearnSwiftUIApp.swift */; };
		8AADCCB02897AF6400AE80DC /* ContentView.swift in Sources */ = {isa = PBXBuildFile; fileRef = 8AADCCAF2897AF6400AE80DC /* ContentView.swift */; };
		8AADCCB22897AF6700AE80DC /* Assets.xcassets in Resources */ = {isa = PBXBuildFile; fileRef = 8AADCCB12897AF6700AE80DC /* Assets.xcassets */; };
		8AADCCB52897AF6700AE80DC /* Preview Assets.xcassets in Resources */ = {isa = PBXBuildFile; fileRef = 8AADCCB42897AF6700AE80DC /* Preview Assets.xcassets */; };
		8ADFB7BF2898EC2300003D27 /* Todo.swift in Sources */ = {isa = PBXBuildFile; fileRef = 8ADFB7BE2898EC2300003D27 /* Todo.swift */; };
		8ADFB7C12898ECFC00003D27 /* TodoService.swift in Sources */ = {isa = PBXBuildFile; fileRef = 8ADFB7C02898ECFC00003D27 /* TodoService.swift */; };
		8ADFB7C42898FC3600003D27 /* NoItemsView.swift in Sources */ = {isa = PBXBuildFile; fileRef = 8ADFB7C32898FC3500003D27 /* NoItemsView.swift */; };
/* End PBXBuildFile section */

/* Begin PBXFileReference section */
		8A03073A28A22CCD00600584 /* AsyncImageTutorial.app */ = {isa = PBXFileReference; explicitFileType = wrapper.application; includeInIndex = 0; path = AsyncImageTutorial.app; sourceTree = BUILT_PRODUCTS_DIR; };
		8A03073C28A22CCD00600584 /* AsyncImageTutorialApp.swift */ = {isa = PBXFileReference; lastKnownFileType = sourcecode.swift; path = AsyncImageTutorialApp.swift; sourceTree = "<group>"; };
		8A03073E28A22CCD00600584 /* ContentView.swift */ = {isa = PBXFileReference; lastKnownFileType = sourcecode.swift; path = ContentView.swift; sourceTree = "<group>"; };
		8A03074028A22CCF00600584 /* Assets.xcassets */ = {isa = PBXFileReference; lastKnownFileType = folder.assetcatalog; path = Assets.xcassets; sourceTree = "<group>"; };
		8A03074328A22CCF00600584 /* Preview Assets.xcassets */ = {isa = PBXFileReference; lastKnownFileType = folder.assetcatalog; path = "Preview Assets.xcassets"; sourceTree = "<group>"; };
		8A03074828A22D0D00600584 /* README.md */ = {isa = PBXFileReference; lastKnownFileType = net.daringfireball.markdown; path = README.md; sourceTree = "<group>"; };
		8A03074928A22EE100600584 /* MainView.swift */ = {isa = PBXFileReference; lastKnownFileType = sourcecode.swift; path = MainView.swift; sourceTree = "<group>"; };
		8A03074B28A22F4700600584 /* BasicAsyncImage.swift */ = {isa = PBXFileReference; lastKnownFileType = sourcecode.swift; path = BasicAsyncImage.swift; sourceTree = "<group>"; };
		8A03074E28A2304F00600584 /* ScaleAsyncImage.swift */ = {isa = PBXFileReference; lastKnownFileType = sourcecode.swift; path = ScaleAsyncImage.swift; sourceTree = "<group>"; };
		8A03075028A2354200600584 /* PlaceholderAsyncImage.swift */ = {isa = PBXFileReference; lastKnownFileType = sourcecode.swift; path = PlaceholderAsyncImage.swift; sourceTree = "<group>"; };
		8A03075228A2376B00600584 /* PhaseAsyncImage.swift */ = {isa = PBXFileReference; lastKnownFileType = sourcecode.swift; path = PhaseAsyncImage.swift; sourceTree = "<group>"; };
		8A03075428A23AFE00600584 /* AnimationAsyncImage.swift */ = {isa = PBXFileReference; lastKnownFileType = sourcecode.swift; path = AnimationAsyncImage.swift; sourceTree = "<group>"; };
		8A0C16892897D40900B67402 /* TodoList.app */ = {isa = PBXFileReference; explicitFileType = wrapper.application; includeInIndex = 0; path = TodoList.app; sourceTree = BUILT_PRODUCTS_DIR; };
		8A0C168B2897D40900B67402 /* TodoListApp.swift */ = {isa = PBXFileReference; lastKnownFileType = sourcecode.swift; path = TodoListApp.swift; sourceTree = "<group>"; };
		8A0C168F2897D40B00B67402 /* Assets.xcassets */ = {isa = PBXFileReference; lastKnownFileType = folder.assetcatalog; path = Assets.xcassets; sourceTree = "<group>"; };
		8A0C16922897D40B00B67402 /* Preview Assets.xcassets */ = {isa = PBXFileReference; lastKnownFileType = folder.assetcatalog; path = "Preview Assets.xcassets"; sourceTree = "<group>"; };
		8A0C16972897D42300B67402 /* ListView.swift */ = {isa = PBXFileReference; lastKnownFileType = sourcecode.swift; path = ListView.swift; sourceTree = "<group>"; };
		8A0C169A2897D50900B67402 /* ListRowView.swift */ = {isa = PBXFileReference; lastKnownFileType = sourcecode.swift; path = ListRowView.swift; sourceTree = "<group>"; };
		8A0C169C2897D64200B67402 /* AddView.swift */ = {isa = PBXFileReference; lastKnownFileType = sourcecode.swift; path = AddView.swift; sourceTree = "<group>"; };
		8A0C16A02897EAF400B67402 /* ListViewModel.swift */ = {isa = PBXFileReference; lastKnownFileType = sourcecode.swift; path = ListViewModel.swift; sourceTree = "<group>"; };
		8A18D6FC28B2217B0043A6E6 /* Pinch.app */ = {isa = PBXFileReference; explicitFileType = wrapper.application; includeInIndex = 0; path = Pinch.app; sourceTree = BUILT_PRODUCTS_DIR; };
		8A18D6FE28B2217B0043A6E6 /* PinchApp.swift */ = {isa = PBXFileReference; lastKnownFileType = sourcecode.swift; path = PinchApp.swift; sourceTree = "<group>"; };
		8A18D70028B2217B0043A6E6 /* ContentView.swift */ = {isa = PBXFileReference; lastKnownFileType = sourcecode.swift; path = ContentView.swift; sourceTree = "<group>"; };
		8A18D70228B2217C0043A6E6 /* Assets.xcassets */ = {isa = PBXFileReference; lastKnownFileType = folder.assetcatalog; path = Assets.xcassets; sourceTree = "<group>"; };
		8A18D70528B2217C0043A6E6 /* Preview Assets.xcassets */ = {isa = PBXFileReference; lastKnownFileType = folder.assetcatalog; path = "Preview Assets.xcassets"; sourceTree = "<group>"; };
		8A18D70F28B233EE0043A6E6 /* InfoPanelView.swift */ = {isa = PBXFileReference; lastKnownFileType = sourcecode.swift; path = InfoPanelView.swift; sourceTree = "<group>"; };
		8A18D71128B238850043A6E6 /* ControlImageView.swift */ = {isa = PBXFileReference; lastKnownFileType = sourcecode.swift; path = ControlImageView.swift; sourceTree = "<group>"; };
		8A18D71328B23EE90043A6E6 /* PageModel.swift */ = {isa = PBXFileReference; lastKnownFileType = sourcecode.swift; path = PageModel.swift; sourceTree = "<group>"; };
		8A18D71528B23F450043A6E6 /* PageData.swift */ = {isa = PBXFileReference; lastKnownFileType = sourcecode.swift; path = PageData.swift; sourceTree = "<group>"; };
		8A18D71728B250490043A6E6 /* CustomButton.swift */ = {isa = PBXFileReference; lastKnownFileType = sourcecode.swift; path = CustomButton.swift; sourceTree = "<group>"; };
		8A18D71C28B279620043A6E6 /* IntrinsicSizeView.swift */ = {isa = PBXFileReference; lastKnownFileType = sourcecode.swift; path = IntrinsicSizeView.swift; sourceTree = "<group>"; };
		8A18D71F28B28A340043A6E6 /* IntrinsicContentView.swift */ = {isa = PBXFileReference; lastKnownFileType = sourcecode.swift; path = IntrinsicContentView.swift; sourceTree = "<group>"; };
		8A18D72128B28A640043A6E6 /* UIViewContaining.swift */ = {isa = PBXFileReference; lastKnownFileType = sourcecode.swift; path = UIViewContaining.swift; sourceTree = "<group>"; };
		8A18D72328B28A7D0043A6E6 /* UIViewContainingCoordinator.swift */ = {isa = PBXFileReference; lastKnownFileType = sourcecode.swift; path = UIViewContainingCoordinator.swift; sourceTree = "<group>"; };
		8A18D72528B28A940043A6E6 /* UIViewContainer.swift */ = {isa = PBXFileReference; lastKnownFileType = sourcecode.swift; path = UIViewContainer.swift; sourceTree = "<group>"; };
		8A18D72728B28AC30043A6E6 /* KeyPathReferenceWritable.swift */ = {isa = PBXFileReference; lastKnownFileType = sourcecode.swift; path = KeyPathReferenceWritable.swift; sourceTree = "<group>"; };
		8A18D72928B28ADA0043A6E6 /* ModifiedUIViewContainer.swift */ = {isa = PBXFileReference; lastKnownFileType = sourcecode.swift; path = ModifiedUIViewContainer.swift; sourceTree = "<group>"; };
		8A18D72B28B28AFD0043A6E6 /* SwiftUIViewConvertable.swift */ = {isa = PBXFileReference; lastKnownFileType = sourcecode.swift; path = SwiftUIViewConvertable.swift; sourceTree = "<group>"; };
		8A18D72D28B29E9A0043A6E6 /* RegisterViewController.swift */ = {isa = PBXFileReference; lastKnownFileType = sourcecode.swift; path = RegisterViewController.swift; sourceTree = "<group>"; };
		8A3A18CF28B760E40060E2D8 /* RegisterViewModel.swift */ = {isa = PBXFileReference; lastKnownFileType = sourcecode.swift; path = RegisterViewModel.swift; sourceTree = "<group>"; };
		8A8CCA4028A905A5007AB83B /* RestartApp.app */ = {isa = PBXFileReference; explicitFileType = wrapper.application; includeInIndex = 0; path = RestartApp.app; sourceTree = BUILT_PRODUCTS_DIR; };
		8A8CCA4228A905A5007AB83B /* RestartApp.swift */ = {isa = PBXFileReference; lastKnownFileType = sourcecode.swift; path = RestartApp.swift; sourceTree = "<group>"; };
		8A8CCA4428A905A5007AB83B /* ContentView.swift */ = {isa = PBXFileReference; lastKnownFileType = sourcecode.swift; path = ContentView.swift; sourceTree = "<group>"; };
		8A8CCA4628A905A7007AB83B /* Assets.xcassets */ = {isa = PBXFileReference; lastKnownFileType = folder.assetcatalog; path = Assets.xcassets; sourceTree = "<group>"; };
		8A8CCA4928A905A7007AB83B /* Preview Assets.xcassets */ = {isa = PBXFileReference; lastKnownFileType = folder.assetcatalog; path = "Preview Assets.xcassets"; sourceTree = "<group>"; };
		8A8CCA5128A9079B007AB83B /* chimeup.mp3 */ = {isa = PBXFileReference; lastKnownFileType = audio.mp3; name = chimeup.mp3; path = "../../../../Downloads/Restart-App/Resources/Sounds/chimeup.mp3"; sourceTree = "<group>"; };
		8A8CCA5228A9079B007AB83B /* success.m4a */ = {isa = PBXFileReference; lastKnownFileType = file; name = success.m4a; path = "../../../../Downloads/Restart-App/Resources/Sounds/success.m4a"; sourceTree = "<group>"; };
		8A8CCA5628A90A83007AB83B /* Info.plist */ = {isa = PBXFileReference; lastKnownFileType = text.plist; path = Info.plist; sourceTree = "<group>"; };
		8A8CCA5728A90AD5007AB83B /* OnboardingView.swift */ = {isa = PBXFileReference; lastKnownFileType = sourcecode.swift; path = OnboardingView.swift; sourceTree = "<group>"; };
		8A8CCA5928A90ADE007AB83B /* HomeView.swift */ = {isa = PBXFileReference; lastKnownFileType = sourcecode.swift; path = HomeView.swift; sourceTree = "<group>"; };
		8A8CCA5B28A93172007AB83B /* SlideButton.swift */ = {isa = PBXFileReference; lastKnownFileType = sourcecode.swift; path = SlideButton.swift; sourceTree = "<group>"; };
		8A8CCA5D28AA36CB007AB83B /* CircleGroupView.swift */ = {isa = PBXFileReference; lastKnownFileType = sourcecode.swift; path = CircleGroupView.swift; sourceTree = "<group>"; };
		8A8CCA5F28AA5819007AB83B /* AudioPlayer.swift */ = {isa = PBXFileReference; lastKnownFileType = sourcecode.swift; path = AudioPlayer.swift; sourceTree = "<group>"; };
		8A9AD53228A0FD6B00B75470 /* Localizable.strings */ = {isa = PBXFileReference; lastKnownFileType = text.plist.strings; path = Localizable.strings; sourceTree = "<group>"; };
		8A9AE06A28A10C5500B75470 /* Info.plist */ = {isa = PBXFileReference; lastKnownFileType = text.plist; path = Info.plist; sourceTree = "<group>"; };
		8A9AE06B28A10FB000B75470 /* CustomAppDelegate.swift */ = {isa = PBXFileReference; lastKnownFileType = sourcecode.swift; path = CustomAppDelegate.swift; sourceTree = "<group>"; };
		8A9AE06F28A12ABF00B75470 /* Util.swift */ = {isa = PBXFileReference; lastKnownFileType = sourcecode.swift; path = Util.swift; sourceTree = "<group>"; };
		8A9AE07328A12E9700B75470 /* CustomUITextField.swift */ = {isa = PBXFileReference; lastKnownFileType = sourcecode.swift; path = CustomUITextField.swift; sourceTree = "<group>"; };
		8A9AE07528A152DE00B75470 /* MyViewController.swift */ = {isa = PBXFileReference; lastKnownFileType = sourcecode.swift; path = MyViewController.swift; sourceTree = "<group>"; };
		8AA3331228AE1C4200C7CBFD /* ArchExperiment.app */ = {isa = PBXFileReference; explicitFileType = wrapper.application; includeInIndex = 0; path = ArchExperiment.app; sourceTree = BUILT_PRODUCTS_DIR; };
		8AA3331428AE1C4200C7CBFD /* AppDelegate.swift */ = {isa = PBXFileReference; lastKnownFileType = sourcecode.swift; path = AppDelegate.swift; sourceTree = "<group>"; };
		8AA3331628AE1C4200C7CBFD /* SceneDelegate.swift */ = {isa = PBXFileReference; lastKnownFileType = sourcecode.swift; path = SceneDelegate.swift; sourceTree = "<group>"; };
		8AA3331828AE1C4200C7CBFD /* LoginViewController.swift */ = {isa = PBXFileReference; lastKnownFileType = sourcecode.swift; path = LoginViewController.swift; sourceTree = "<group>"; };
		8AA3331D28AE1C4400C7CBFD /* Assets.xcassets */ = {isa = PBXFileReference; lastKnownFileType = folder.assetcatalog; path = Assets.xcassets; sourceTree = "<group>"; };
		8AA3332028AE1C4400C7CBFD /* Base */ = {isa = PBXFileReference; lastKnownFileType = file.storyboard; name = Base; path = Base.lproj/LaunchScreen.storyboard; sourceTree = "<group>"; };
		8AA3332228AE1C4400C7CBFD /* Info.plist */ = {isa = PBXFileReference; lastKnownFileType = text.plist.xml; path = Info.plist; sourceTree = "<group>"; };
		8AA3332628AE1E3500C7CBFD /* Coordinator.swift */ = {isa = PBXFileReference; lastKnownFileType = sourcecode.swift; path = Coordinator.swift; sourceTree = "<group>"; };
		8AA3332828AE1FBD00C7CBFD /* LoginView.swift */ = {isa = PBXFileReference; lastKnownFileType = sourcecode.swift; path = LoginView.swift; sourceTree = "<group>"; };
		8AA3332A28AE20A700C7CBFD /* LoginViewModel.swift */ = {isa = PBXFileReference; lastKnownFileType = sourcecode.swift; path = LoginViewModel.swift; sourceTree = "<group>"; };
		8AA3332C28AE21D700C7CBFD /* SwiftUIWrappers.swift */ = {isa = PBXFileReference; lastKnownFileType = sourcecode.swift; path = SwiftUIWrappers.swift; sourceTree = "<group>"; };
		8AA3333328AE4EBE00C7CBFD /* RegisterView.swift */ = {isa = PBXFileReference; lastKnownFileType = sourcecode.swift; path = RegisterView.swift; sourceTree = "<group>"; };
		8AA3333728AE505300C7CBFD /* OnBoardingViewController.swift */ = {isa = PBXFileReference; lastKnownFileType = sourcecode.swift; path = OnBoardingViewController.swift; sourceTree = "<group>"; };
		8AADCCAA2897AF6400AE80DC /* LearnSwiftUI.app */ = {isa = PBXFileReference; explicitFileType = wrapper.application; includeInIndex = 0; path = LearnSwiftUI.app; sourceTree = BUILT_PRODUCTS_DIR; };
		8AADCCAD2897AF6400AE80DC /* LearnSwiftUIApp.swift */ = {isa = PBXFileReference; lastKnownFileType = sourcecode.swift; path = LearnSwiftUIApp.swift; sourceTree = "<group>"; };
		8AADCCAF2897AF6400AE80DC /* ContentView.swift */ = {isa = PBXFileReference; lastKnownFileType = sourcecode.swift; path = ContentView.swift; sourceTree = "<group>"; };
		8AADCCB12897AF6700AE80DC /* Assets.xcassets */ = {isa = PBXFileReference; lastKnownFileType = folder.assetcatalog; path = Assets.xcassets; sourceTree = "<group>"; };
		8AADCCB42897AF6700AE80DC /* Preview Assets.xcassets */ = {isa = PBXFileReference; lastKnownFileType = folder.assetcatalog; path = "Preview Assets.xcassets"; sourceTree = "<group>"; };
		8ADFB7BE2898EC2300003D27 /* Todo.swift */ = {isa = PBXFileReference; lastKnownFileType = sourcecode.swift; path = Todo.swift; sourceTree = "<group>"; };
		8ADFB7C02898ECFC00003D27 /* TodoService.swift */ = {isa = PBXFileReference; lastKnownFileType = sourcecode.swift; path = TodoService.swift; sourceTree = "<group>"; };
		8ADFB7C32898FC3500003D27 /* NoItemsView.swift */ = {isa = PBXFileReference; lastKnownFileType = sourcecode.swift; path = NoItemsView.swift; sourceTree = "<group>"; };
/* End PBXFileReference section */

/* Begin PBXFrameworksBuildPhase section */
		8A03073728A22CCD00600584 /* Frameworks */ = {
			isa = PBXFrameworksBuildPhase;
			buildActionMask = 2147483647;
			files = (
			);
			runOnlyForDeploymentPostprocessing = 0;
		};
		8A0C16862897D40900B67402 /* Frameworks */ = {
			isa = PBXFrameworksBuildPhase;
			buildActionMask = 2147483647;
			files = (
			);
			runOnlyForDeploymentPostprocessing = 0;
		};
		8A18D6F928B2217B0043A6E6 /* Frameworks */ = {
			isa = PBXFrameworksBuildPhase;
			buildActionMask = 2147483647;
			files = (
			);
			runOnlyForDeploymentPostprocessing = 0;
		};
		8A8CCA3D28A905A5007AB83B /* Frameworks */ = {
			isa = PBXFrameworksBuildPhase;
			buildActionMask = 2147483647;
			files = (
			);
			runOnlyForDeploymentPostprocessing = 0;
		};
		8AA3330F28AE1C4200C7CBFD /* Frameworks */ = {
			isa = PBXFrameworksBuildPhase;
			buildActionMask = 2147483647;
			files = (
			);
			runOnlyForDeploymentPostprocessing = 0;
		};
		8AADCCA72897AF6400AE80DC /* Frameworks */ = {
			isa = PBXFrameworksBuildPhase;
			buildActionMask = 2147483647;
			files = (
			);
			runOnlyForDeploymentPostprocessing = 0;
		};
/* End PBXFrameworksBuildPhase section */

/* Begin PBXGroup section */
		8A03073B28A22CCD00600584 /* AsyncImageTutorial */ = {
			isa = PBXGroup;
			children = (
				8A03074D28A22F4C00600584 /* AsyncImages */,
				8A03074828A22D0D00600584 /* README.md */,
				8A03073C28A22CCD00600584 /* AsyncImageTutorialApp.swift */,
				8A03073E28A22CCD00600584 /* ContentView.swift */,
				8A03074928A22EE100600584 /* MainView.swift */,
				8A03074028A22CCF00600584 /* Assets.xcassets */,
				8A03074228A22CCF00600584 /* Preview Content */,
			);
			path = AsyncImageTutorial;
			sourceTree = "<group>";
		};
		8A03074228A22CCF00600584 /* Preview Content */ = {
			isa = PBXGroup;
			children = (
				8A03074328A22CCF00600584 /* Preview Assets.xcassets */,
			);
			path = "Preview Content";
			sourceTree = "<group>";
		};
		8A03074D28A22F4C00600584 /* AsyncImages */ = {
			isa = PBXGroup;
			children = (
				8A03074B28A22F4700600584 /* BasicAsyncImage.swift */,
				8A03074E28A2304F00600584 /* ScaleAsyncImage.swift */,
				8A03075028A2354200600584 /* PlaceholderAsyncImage.swift */,
				8A03075228A2376B00600584 /* PhaseAsyncImage.swift */,
				8A03075428A23AFE00600584 /* AnimationAsyncImage.swift */,
			);
			path = AsyncImages;
			sourceTree = "<group>";
		};
		8A0C168A2897D40900B67402 /* TodoList */ = {
			isa = PBXGroup;
			children = (
				8ADFB7C22898EECA00003D27 /* Services */,
				8A0C169F2897EAE700B67402 /* Models */,
				8A0C169E2897EAD900B67402 /* ViewModel */,
				8A0C16992897D42700B67402 /* Screens */,
				8A0C168B2897D40900B67402 /* TodoListApp.swift */,
				8A0C168F2897D40B00B67402 /* Assets.xcassets */,
				8A0C16912897D40B00B67402 /* Preview Content */,
			);
			path = TodoList;
			sourceTree = "<group>";
		};
		8A0C16912897D40B00B67402 /* Preview Content */ = {
			isa = PBXGroup;
			children = (
				8A0C16922897D40B00B67402 /* Preview Assets.xcassets */,
			);
			path = "Preview Content";
			sourceTree = "<group>";
		};
		8A0C16992897D42700B67402 /* Screens */ = {
			isa = PBXGroup;
			children = (
				8A0C16972897D42300B67402 /* ListView.swift */,
				8A0C169A2897D50900B67402 /* ListRowView.swift */,
				8A0C169C2897D64200B67402 /* AddView.swift */,
				8ADFB7C32898FC3500003D27 /* NoItemsView.swift */,
			);
			path = Screens;
			sourceTree = "<group>";
		};
		8A0C169E2897EAD900B67402 /* ViewModel */ = {
			isa = PBXGroup;
			children = (
				8A0C16A02897EAF400B67402 /* ListViewModel.swift */,
			);
			path = ViewModel;
			sourceTree = "<group>";
		};
		8A0C169F2897EAE700B67402 /* Models */ = {
			isa = PBXGroup;
			children = (
				8ADFB7BE2898EC2300003D27 /* Todo.swift */,
			);
			path = Models;
			sourceTree = "<group>";
		};
		8A18D6FD28B2217B0043A6E6 /* Pinch */ = {
			isa = PBXGroup;
			children = (
				8A18D6FE28B2217B0043A6E6 /* PinchApp.swift */,
				8A18D70228B2217C0043A6E6 /* Assets.xcassets */,
				8A18D70E28B227F50043A6E6 /* Data */,
				8A18D70C28B227EB0043A6E6 /* Models */,
				8A18D70B28B227D60043A6E6 /* Views */,
				8A18D70A28B227C80043A6E6 /* Screen */,
				8A18D70428B2217C0043A6E6 /* Preview Content */,
			);
			path = Pinch;
			sourceTree = "<group>";
		};
		8A18D70428B2217C0043A6E6 /* Preview Content */ = {
			isa = PBXGroup;
			children = (
				8A18D70528B2217C0043A6E6 /* Preview Assets.xcassets */,
			);
			path = "Preview Content";
			sourceTree = "<group>";
		};
		8A18D70A28B227C80043A6E6 /* Screen */ = {
			isa = PBXGroup;
			children = (
				8A18D70028B2217B0043A6E6 /* ContentView.swift */,
			);
			path = Screen;
			sourceTree = "<group>";
		};
		8A18D70B28B227D60043A6E6 /* Views */ = {
			isa = PBXGroup;
			children = (
				8A18D70F28B233EE0043A6E6 /* InfoPanelView.swift */,
				8A18D71128B238850043A6E6 /* ControlImageView.swift */,
			);
			path = Views;
			sourceTree = "<group>";
		};
		8A18D70C28B227EB0043A6E6 /* Models */ = {
			isa = PBXGroup;
			children = (
				8A18D71328B23EE90043A6E6 /* PageModel.swift */,
			);
			path = Models;
			sourceTree = "<group>";
		};
		8A18D70E28B227F50043A6E6 /* Data */ = {
			isa = PBXGroup;
			children = (
				8A18D71528B23F450043A6E6 /* PageData.swift */,
			);
			path = Data;
			sourceTree = "<group>";
		};
		8A18D71928B2731A0043A6E6 /* Utils */ = {
			isa = PBXGroup;
			children = (
				8AA3332C28AE21D700C7CBFD /* SwiftUIWrappers.swift */,
				8A18D71C28B279620043A6E6 /* IntrinsicSizeView.swift */,
			);
			path = Utils;
			sourceTree = "<group>";
		};
		8A18D71E28B28A1A0043A6E6 /* SwiftUIKitView */ = {
			isa = PBXGroup;
			children = (
				8A18D71F28B28A340043A6E6 /* IntrinsicContentView.swift */,
				8A18D72128B28A640043A6E6 /* UIViewContaining.swift */,
				8A18D72328B28A7D0043A6E6 /* UIViewContainingCoordinator.swift */,
				8A18D72528B28A940043A6E6 /* UIViewContainer.swift */,
				8A18D72728B28AC30043A6E6 /* KeyPathReferenceWritable.swift */,
				8A18D72928B28ADA0043A6E6 /* ModifiedUIViewContainer.swift */,
				8A18D72B28B28AFD0043A6E6 /* SwiftUIViewConvertable.swift */,
			);
			path = SwiftUIKitView;
			sourceTree = "<group>";
		};
		8A8CCA4128A905A5007AB83B /* RestartApp */ = {
			isa = PBXGroup;
			children = (
				8A8CCA5628A90A83007AB83B /* Info.plist */,
				8A8CCA4228A905A5007AB83B /* RestartApp.swift */,
				8A8CCA4F28A90781007AB83B /* Views */,
				8A8CCA4E28A90773007AB83B /* Screens */,
				8A8CCA5528A907BA007AB83B /* Utils */,
				8A8CCA5028A9078A007AB83B /* Sounds */,
				8A8CCA4628A905A7007AB83B /* Assets.xcassets */,
				8A8CCA4828A905A7007AB83B /* Preview Content */,
			);
			path = RestartApp;
			sourceTree = "<group>";
		};
		8A8CCA4828A905A7007AB83B /* Preview Content */ = {
			isa = PBXGroup;
			children = (
				8A8CCA4928A905A7007AB83B /* Preview Assets.xcassets */,
			);
			path = "Preview Content";
			sourceTree = "<group>";
		};
		8A8CCA4E28A90773007AB83B /* Screens */ = {
			isa = PBXGroup;
			children = (
				8A8CCA4428A905A5007AB83B /* ContentView.swift */,
				8A8CCA5728A90AD5007AB83B /* OnboardingView.swift */,
				8A8CCA5928A90ADE007AB83B /* HomeView.swift */,
			);
			path = Screens;
			sourceTree = "<group>";
		};
		8A8CCA4F28A90781007AB83B /* Views */ = {
			isa = PBXGroup;
			children = (
				8A8CCA5B28A93172007AB83B /* SlideButton.swift */,
				8A8CCA5D28AA36CB007AB83B /* CircleGroupView.swift */,
			);
			path = Views;
			sourceTree = "<group>";
		};
		8A8CCA5028A9078A007AB83B /* Sounds */ = {
			isa = PBXGroup;
			children = (
				8A8CCA5128A9079B007AB83B /* chimeup.mp3 */,
				8A8CCA5228A9079B007AB83B /* success.m4a */,
			);
			path = Sounds;
			sourceTree = "<group>";
		};
		8A8CCA5528A907BA007AB83B /* Utils */ = {
			isa = PBXGroup;
			children = (
				8A8CCA5F28AA5819007AB83B /* AudioPlayer.swift */,
			);
			path = Utils;
			sourceTree = "<group>";
		};
		8AA3331328AE1C4200C7CBFD /* ArchExperiment */ = {
			isa = PBXGroup;
			children = (
				8AA3331428AE1C4200C7CBFD /* AppDelegate.swift */,
				8AA3331628AE1C4200C7CBFD /* SceneDelegate.swift */,
				8AA3333728AE505300C7CBFD /* OnBoardingViewController.swift */,
				8AA3332F28AE258500C7CBFD /* CustomViews */,
				8AA3333228AE4DC500C7CBFD /* Register */,
				8AA3333128AE2F5A00C7CBFD /* Login */,
				8AA3332628AE1E3500C7CBFD /* Coordinator.swift */,
				8A18D71928B2731A0043A6E6 /* Utils */,
				8AA3331D28AE1C4400C7CBFD /* Assets.xcassets */,
				8AA3331F28AE1C4400C7CBFD /* LaunchScreen.storyboard */,
				8AA3332228AE1C4400C7CBFD /* Info.plist */,
				8A18D71E28B28A1A0043A6E6 /* SwiftUIKitView */,
			);
			path = ArchExperiment;
			sourceTree = "<group>";
		};
		8AA3332F28AE258500C7CBFD /* CustomViews */ = {
			isa = PBXGroup;
			children = (
				8A9AE07328A12E9700B75470 /* CustomUITextField.swift */,
				8A18D71728B250490043A6E6 /* CustomButton.swift */,
			);
			path = CustomViews;
			sourceTree = "<group>";
		};
		8AA3333128AE2F5A00C7CBFD /* Login */ = {
			isa = PBXGroup;
			children = (
				8AA3332828AE1FBD00C7CBFD /* LoginView.swift */,
				8AA3331828AE1C4200C7CBFD /* LoginViewController.swift */,
				8AA3332A28AE20A700C7CBFD /* LoginViewModel.swift */,
			);
			path = Login;
			sourceTree = "<group>";
		};
		8AA3333228AE4DC500C7CBFD /* Register */ = {
			isa = PBXGroup;
			children = (
				8AA3333328AE4EBE00C7CBFD /* RegisterView.swift */,
				8A3A18CF28B760E40060E2D8 /* RegisterViewModel.swift */,
				8A18D72D28B29E9A0043A6E6 /* RegisterViewController.swift */,
			);
			path = Register;
			sourceTree = "<group>";
		};
		8AADCCA12897AF6400AE80DC = {
			isa = PBXGroup;
			children = (
				8A9AD53228A0FD6B00B75470 /* Localizable.strings */,
				8AADCCAC2897AF6400AE80DC /* LearnSwiftUI */,
				8A0C168A2897D40900B67402 /* TodoList */,
				8A03073B28A22CCD00600584 /* AsyncImageTutorial */,
				8A8CCA4128A905A5007AB83B /* RestartApp */,
				8A18D6FD28B2217B0043A6E6 /* Pinch */,
				8AA3331328AE1C4200C7CBFD /* ArchExperiment */,
				8AADCCAB2897AF6400AE80DC /* Products */,
			);
			sourceTree = "<group>";
		};
		8AADCCAB2897AF6400AE80DC /* Products */ = {
			isa = PBXGroup;
			children = (
				8AADCCAA2897AF6400AE80DC /* LearnSwiftUI.app */,
				8A0C16892897D40900B67402 /* TodoList.app */,
				8A03073A28A22CCD00600584 /* AsyncImageTutorial.app */,
				8A8CCA4028A905A5007AB83B /* RestartApp.app */,
				8AA3331228AE1C4200C7CBFD /* ArchExperiment.app */,
				8A18D6FC28B2217B0043A6E6 /* Pinch.app */,
			);
			name = Products;
			sourceTree = "<group>";
		};
		8AADCCAC2897AF6400AE80DC /* LearnSwiftUI */ = {
			isa = PBXGroup;
			children = (
				8A9AE06A28A10C5500B75470 /* Info.plist */,
				8A9AE06B28A10FB000B75470 /* CustomAppDelegate.swift */,
				8AADCCAD2897AF6400AE80DC /* LearnSwiftUIApp.swift */,
				8AADCCAF2897AF6400AE80DC /* ContentView.swift */,
				8AADCCB12897AF6700AE80DC /* Assets.xcassets */,
				8AADCCB32897AF6700AE80DC /* Preview Content */,
				8A9AE06F28A12ABF00B75470 /* Util.swift */,
				8A9AE07528A152DE00B75470 /* MyViewController.swift */,
			);
			path = LearnSwiftUI;
			sourceTree = "<group>";
		};
		8AADCCB32897AF6700AE80DC /* Preview Content */ = {
			isa = PBXGroup;
			children = (
				8AADCCB42897AF6700AE80DC /* Preview Assets.xcassets */,
			);
			path = "Preview Content";
			sourceTree = "<group>";
		};
		8ADFB7C22898EECA00003D27 /* Services */ = {
			isa = PBXGroup;
			children = (
				8ADFB7C02898ECFC00003D27 /* TodoService.swift */,
			);
			path = Services;
			sourceTree = "<group>";
		};
/* End PBXGroup section */

/* Begin PBXNativeTarget section */
		8A03073928A22CCD00600584 /* AsyncImageTutorial */ = {
			isa = PBXNativeTarget;
			buildConfigurationList = 8A03074728A22CCF00600584 /* Build configuration list for PBXNativeTarget "AsyncImageTutorial" */;
			buildPhases = (
				8A03073628A22CCD00600584 /* Sources */,
				8A03073728A22CCD00600584 /* Frameworks */,
				8A03073828A22CCD00600584 /* Resources */,
			);
			buildRules = (
			);
			dependencies = (
			);
			name = AsyncImageTutorial;
			productName = AsyncImageTutorial;
			productReference = 8A03073A28A22CCD00600584 /* AsyncImageTutorial.app */;
			productType = "com.apple.product-type.application";
		};
		8A0C16882897D40900B67402 /* TodoList */ = {
			isa = PBXNativeTarget;
			buildConfigurationList = 8A0C16942897D40B00B67402 /* Build configuration list for PBXNativeTarget "TodoList" */;
			buildPhases = (
				8A0C16852897D40900B67402 /* Sources */,
				8A0C16862897D40900B67402 /* Frameworks */,
				8A0C16872897D40900B67402 /* Resources */,
			);
			buildRules = (
			);
			dependencies = (
			);
			name = TodoList;
			productName = TodoList;
			productReference = 8A0C16892897D40900B67402 /* TodoList.app */;
			productType = "com.apple.product-type.application";
		};
		8A18D6FB28B2217B0043A6E6 /* Pinch */ = {
			isa = PBXNativeTarget;
			buildConfigurationList = 8A18D70928B2217C0043A6E6 /* Build configuration list for PBXNativeTarget "Pinch" */;
			buildPhases = (
				8A18D6F828B2217B0043A6E6 /* Sources */,
				8A18D6F928B2217B0043A6E6 /* Frameworks */,
				8A18D6FA28B2217B0043A6E6 /* Resources */,
			);
			buildRules = (
			);
			dependencies = (
			);
			name = Pinch;
			productName = Pinch;
			productReference = 8A18D6FC28B2217B0043A6E6 /* Pinch.app */;
			productType = "com.apple.product-type.application";
		};
		8A8CCA3F28A905A5007AB83B /* RestartApp */ = {
			isa = PBXNativeTarget;
			buildConfigurationList = 8A8CCA4D28A905A7007AB83B /* Build configuration list for PBXNativeTarget "RestartApp" */;
			buildPhases = (
				8A8CCA3C28A905A5007AB83B /* Sources */,
				8A8CCA3D28A905A5007AB83B /* Frameworks */,
				8A8CCA3E28A905A5007AB83B /* Resources */,
			);
			buildRules = (
			);
			dependencies = (
			);
			name = RestartApp;
			productName = RestartApp;
			productReference = 8A8CCA4028A905A5007AB83B /* RestartApp.app */;
			productType = "com.apple.product-type.application";
		};
		8AA3331128AE1C4200C7CBFD /* ArchExperiment */ = {
			isa = PBXNativeTarget;
			buildConfigurationList = 8AA3332328AE1C4400C7CBFD /* Build configuration list for PBXNativeTarget "ArchExperiment" */;
			buildPhases = (
				8AA3330E28AE1C4200C7CBFD /* Sources */,
				8AA3330F28AE1C4200C7CBFD /* Frameworks */,
				8AA3331028AE1C4200C7CBFD /* Resources */,
			);
			buildRules = (
			);
			dependencies = (
			);
			name = ArchExperiment;
			productName = ArchExperiment;
			productReference = 8AA3331228AE1C4200C7CBFD /* ArchExperiment.app */;
			productType = "com.apple.product-type.application";
		};
		8AADCCA92897AF6400AE80DC /* LearnSwiftUI */ = {
			isa = PBXNativeTarget;
			buildConfigurationList = 8AADCCB82897AF6700AE80DC /* Build configuration list for PBXNativeTarget "LearnSwiftUI" */;
			buildPhases = (
				8AADCCA62897AF6400AE80DC /* Sources */,
				8AADCCA72897AF6400AE80DC /* Frameworks */,
				8AADCCA82897AF6400AE80DC /* Resources */,
			);
			buildRules = (
			);
			dependencies = (
			);
			name = LearnSwiftUI;
			productName = LearnSwiftUI;
			productReference = 8AADCCAA2897AF6400AE80DC /* LearnSwiftUI.app */;
			productType = "com.apple.product-type.application";
		};
/* End PBXNativeTarget section */

/* Begin PBXProject section */
		8AADCCA22897AF6400AE80DC /* Project object */ = {
			isa = PBXProject;
			attributes = {
				BuildIndependentTargetsInParallel = 1;
				LastSwiftUpdateCheck = 1330;
				LastUpgradeCheck = 1330;
				TargetAttributes = {
					8A03073928A22CCD00600584 = {
						CreatedOnToolsVersion = 13.3;
					};
					8A0C16882897D40900B67402 = {
						CreatedOnToolsVersion = 13.3;
					};
					8A18D6FB28B2217B0043A6E6 = {
						CreatedOnToolsVersion = 13.3;
					};
					8A8CCA3F28A905A5007AB83B = {
						CreatedOnToolsVersion = 13.3;
					};
					8AA3331128AE1C4200C7CBFD = {
						CreatedOnToolsVersion = 13.3;
					};
					8AADCCA92897AF6400AE80DC = {
						CreatedOnToolsVersion = 13.3;
					};
				};
			};
			buildConfigurationList = 8AADCCA52897AF6400AE80DC /* Build configuration list for PBXProject "LearnSwiftUI" */;
			compatibilityVersion = "Xcode 13.0";
			developmentRegion = en;
			hasScannedForEncodings = 0;
			knownRegions = (
				en,
				Base,
				id,
			);
			mainGroup = 8AADCCA12897AF6400AE80DC;
			productRefGroup = 8AADCCAB2897AF6400AE80DC /* Products */;
			projectDirPath = "";
			projectRoot = "";
			targets = (
				8AADCCA92897AF6400AE80DC /* LearnSwiftUI */,
				8A0C16882897D40900B67402 /* TodoList */,
				8A03073928A22CCD00600584 /* AsyncImageTutorial */,
				8A8CCA3F28A905A5007AB83B /* RestartApp */,
				8A18D6FB28B2217B0043A6E6 /* Pinch */,
				8AA3331128AE1C4200C7CBFD /* ArchExperiment */,
			);
		};
/* End PBXProject section */

/* Begin PBXResourcesBuildPhase section */
		8A03073828A22CCD00600584 /* Resources */ = {
			isa = PBXResourcesBuildPhase;
			buildActionMask = 2147483647;
			files = (
				8A03074428A22CCF00600584 /* Preview Assets.xcassets in Resources */,
				8A03074128A22CCF00600584 /* Assets.xcassets in Resources */,
			);
			runOnlyForDeploymentPostprocessing = 0;
		};
		8A0C16872897D40900B67402 /* Resources */ = {
			isa = PBXResourcesBuildPhase;
			buildActionMask = 2147483647;
			files = (
				8A0C16932897D40B00B67402 /* Preview Assets.xcassets in Resources */,
				8A9AD53428A0FD6B00B75470 /* Localizable.strings in Resources */,
				8A0C16902897D40B00B67402 /* Assets.xcassets in Resources */,
			);
			runOnlyForDeploymentPostprocessing = 0;
		};
		8A18D6FA28B2217B0043A6E6 /* Resources */ = {
			isa = PBXResourcesBuildPhase;
			buildActionMask = 2147483647;
			files = (
				8A18D70628B2217C0043A6E6 /* Preview Assets.xcassets in Resources */,
				8A18D70328B2217C0043A6E6 /* Assets.xcassets in Resources */,
			);
			runOnlyForDeploymentPostprocessing = 0;
		};
		8A8CCA3E28A905A5007AB83B /* Resources */ = {
			isa = PBXResourcesBuildPhase;
			buildActionMask = 2147483647;
			files = (
				8A8CCA5428A9079B007AB83B /* success.m4a in Resources */,
				8A8CCA5328A9079B007AB83B /* chimeup.mp3 in Resources */,
				8A8CCA4A28A905A7007AB83B /* Preview Assets.xcassets in Resources */,
				8A8CCA4728A905A7007AB83B /* Assets.xcassets in Resources */,
			);
			runOnlyForDeploymentPostprocessing = 0;
		};
		8AA3331028AE1C4200C7CBFD /* Resources */ = {
			isa = PBXResourcesBuildPhase;
			buildActionMask = 2147483647;
			files = (
				8AA3332128AE1C4400C7CBFD /* LaunchScreen.storyboard in Resources */,
				8AA3331E28AE1C4400C7CBFD /* Assets.xcassets in Resources */,
			);
			runOnlyForDeploymentPostprocessing = 0;
		};
		8AADCCA82897AF6400AE80DC /* Resources */ = {
			isa = PBXResourcesBuildPhase;
			buildActionMask = 2147483647;
			files = (
				8AADCCB52897AF6700AE80DC /* Preview Assets.xcassets in Resources */,
				8A9AD53328A0FD6B00B75470 /* Localizable.strings in Resources */,
				8AADCCB22897AF6700AE80DC /* Assets.xcassets in Resources */,
			);
			runOnlyForDeploymentPostprocessing = 0;
		};
/* End PBXResourcesBuildPhase section */

/* Begin PBXSourcesBuildPhase section */
		8A03073628A22CCD00600584 /* Sources */ = {
			isa = PBXSourcesBuildPhase;
			buildActionMask = 2147483647;
			files = (
				8A03074F28A2304F00600584 /* ScaleAsyncImage.swift in Sources */,
				8A03073F28A22CCD00600584 /* ContentView.swift in Sources */,
				8A03074A28A22EE100600584 /* MainView.swift in Sources */,
				8A03075328A2376B00600584 /* PhaseAsyncImage.swift in Sources */,
				8A03073D28A22CCD00600584 /* AsyncImageTutorialApp.swift in Sources */,
				8A03075528A23AFE00600584 /* AnimationAsyncImage.swift in Sources */,
				8A03075128A2354200600584 /* PlaceholderAsyncImage.swift in Sources */,
				8A03074C28A22F4700600584 /* BasicAsyncImage.swift in Sources */,
			);
			runOnlyForDeploymentPostprocessing = 0;
		};
		8A0C16852897D40900B67402 /* Sources */ = {
			isa = PBXSourcesBuildPhase;
			buildActionMask = 2147483647;
			files = (
				8A0C16A12897EAF400B67402 /* ListViewModel.swift in Sources */,
				8ADFB7BF2898EC2300003D27 /* Todo.swift in Sources */,
				8A0C169D2897D64200B67402 /* AddView.swift in Sources */,
				8A0C168C2897D40900B67402 /* TodoListApp.swift in Sources */,
				8ADFB7C12898ECFC00003D27 /* TodoService.swift in Sources */,
				8A0C16982897D42300B67402 /* ListView.swift in Sources */,
				8ADFB7C42898FC3600003D27 /* NoItemsView.swift in Sources */,
				8A0C169B2897D50900B67402 /* ListRowView.swift in Sources */,
			);
			runOnlyForDeploymentPostprocessing = 0;
		};
		8A18D6F828B2217B0043A6E6 /* Sources */ = {
			isa = PBXSourcesBuildPhase;
			buildActionMask = 2147483647;
			files = (
				8A18D70128B2217B0043A6E6 /* ContentView.swift in Sources */,
				8A18D71428B23EE90043A6E6 /* PageModel.swift in Sources */,
				8A18D71228B238850043A6E6 /* ControlImageView.swift in Sources */,
				8A18D6FF28B2217B0043A6E6 /* PinchApp.swift in Sources */,
				8A18D71628B23F450043A6E6 /* PageData.swift in Sources */,
				8A18D71028B233EE0043A6E6 /* InfoPanelView.swift in Sources */,
			);
			runOnlyForDeploymentPostprocessing = 0;
		};
		8A8CCA3C28A905A5007AB83B /* Sources */ = {
			isa = PBXSourcesBuildPhase;
			buildActionMask = 2147483647;
			files = (
				8A8CCA5828A90AD6007AB83B /* OnboardingView.swift in Sources */,
				8A8CCA5A28A90ADE007AB83B /* HomeView.swift in Sources */,
				8A8CCA4528A905A5007AB83B /* ContentView.swift in Sources */,
				8A8CCA4328A905A5007AB83B /* RestartApp.swift in Sources */,
				8A8CCA5E28AA36CB007AB83B /* CircleGroupView.swift in Sources */,
				8A8CCA5C28A93172007AB83B /* SlideButton.swift in Sources */,
				8A8CCA6028AA5819007AB83B /* AudioPlayer.swift in Sources */,
			);
			runOnlyForDeploymentPostprocessing = 0;
		};
		8AA3330E28AE1C4200C7CBFD /* Sources */ = {
			isa = PBXSourcesBuildPhase;
			buildActionMask = 2147483647;
			files = (
				8AA3333428AE4EBE00C7CBFD /* RegisterView.swift in Sources */,
				8AA3332728AE1E3500C7CBFD /* Coordinator.swift in Sources */,
				8A18D71D28B279620043A6E6 /* IntrinsicSizeView.swift in Sources */,
				8AA3331928AE1C4200C7CBFD /* LoginViewController.swift in Sources */,
				8AA3331528AE1C4200C7CBFD /* AppDelegate.swift in Sources */,
				8AA3332928AE1FBD00C7CBFD /* LoginView.swift in Sources */,
				8AA3332E28AE258200C7CBFD /* CustomUITextField.swift in Sources */,
				8AA3332D28AE21D700C7CBFD /* SwiftUIWrappers.swift in Sources */,
				8A18D71828B250490043A6E6 /* CustomButton.swift in Sources */,
				8A3A18D028B760E40060E2D8 /* RegisterViewModel.swift in Sources */,
				8AA3332B28AE20A700C7CBFD /* LoginViewModel.swift in Sources */,
				8A18D72E28B29E9A0043A6E6 /* RegisterViewController.swift in Sources */,
				8AA3331728AE1C4200C7CBFD /* SceneDelegate.swift in Sources */,
				8AA3333828AE505300C7CBFD /* OnBoardingViewController.swift in Sources */,
			);
			runOnlyForDeploymentPostprocessing = 0;
		};
		8AADCCA62897AF6400AE80DC /* Sources */ = {
			isa = PBXSourcesBuildPhase;
			buildActionMask = 2147483647;
			files = (
				8A9AE06C28A10FB000B75470 /* CustomAppDelegate.swift in Sources */,
				8AADCCB02897AF6400AE80DC /* ContentView.swift in Sources */,
				8AADCCAE2897AF6400AE80DC /* LearnSwiftUIApp.swift in Sources */,
				8A9AE07628A152DE00B75470 /* MyViewController.swift in Sources */,
				8A9AE07028A12ABF00B75470 /* Util.swift in Sources */,
			);
			runOnlyForDeploymentPostprocessing = 0;
		};
/* End PBXSourcesBuildPhase section */

/* Begin PBXVariantGroup section */
		8AA3331F28AE1C4400C7CBFD /* LaunchScreen.storyboard */ = {
			isa = PBXVariantGroup;
			children = (
				8AA3332028AE1C4400C7CBFD /* Base */,
			);
			name = LaunchScreen.storyboard;
			sourceTree = "<group>";
		};
/* End PBXVariantGroup section */

/* Begin XCBuildConfiguration section */
		8A03074528A22CCF00600584 /* Debug */ = {
			isa = XCBuildConfiguration;
			buildSettings = {
				ASSETCATALOG_COMPILER_APPICON_NAME = AppIcon;
				ASSETCATALOG_COMPILER_GLOBAL_ACCENT_COLOR_NAME = AccentColor;
				CODE_SIGN_STYLE = Automatic;
				CURRENT_PROJECT_VERSION = 1;
				DEVELOPMENT_ASSET_PATHS = "\"AsyncImageTutorial/Preview Content\"";
				DEVELOPMENT_TEAM = 37A377RTH3;
				ENABLE_PREVIEWS = YES;
				GENERATE_INFOPLIST_FILE = YES;
				INFOPLIST_KEY_UIApplicationSceneManifest_Generation = YES;
				INFOPLIST_KEY_UIApplicationSupportsIndirectInputEvents = YES;
				INFOPLIST_KEY_UILaunchScreen_Generation = YES;
				INFOPLIST_KEY_UISupportedInterfaceOrientations_iPad = "UIInterfaceOrientationPortrait UIInterfaceOrientationPortraitUpsideDown UIInterfaceOrientationLandscapeLeft UIInterfaceOrientationLandscapeRight";
				INFOPLIST_KEY_UISupportedInterfaceOrientations_iPhone = "UIInterfaceOrientationPortrait UIInterfaceOrientationLandscapeLeft UIInterfaceOrientationLandscapeRight";
				LD_RUNPATH_SEARCH_PATHS = (
					"$(inherited)",
					"@executable_path/Frameworks",
				);
				MARKETING_VERSION = 1.0;
				PRODUCT_BUNDLE_IDENTIFIER = com.bobbyphtr.AsyncImageTutorial;
				PRODUCT_NAME = "$(TARGET_NAME)";
				SWIFT_EMIT_LOC_STRINGS = YES;
				SWIFT_VERSION = 5.0;
				TARGETED_DEVICE_FAMILY = "1,2";
			};
			name = Debug;
		};
		8A03074628A22CCF00600584 /* Release */ = {
			isa = XCBuildConfiguration;
			buildSettings = {
				ASSETCATALOG_COMPILER_APPICON_NAME = AppIcon;
				ASSETCATALOG_COMPILER_GLOBAL_ACCENT_COLOR_NAME = AccentColor;
				CODE_SIGN_STYLE = Automatic;
				CURRENT_PROJECT_VERSION = 1;
				DEVELOPMENT_ASSET_PATHS = "\"AsyncImageTutorial/Preview Content\"";
				DEVELOPMENT_TEAM = 37A377RTH3;
				ENABLE_PREVIEWS = YES;
				GENERATE_INFOPLIST_FILE = YES;
				INFOPLIST_KEY_UIApplicationSceneManifest_Generation = YES;
				INFOPLIST_KEY_UIApplicationSupportsIndirectInputEvents = YES;
				INFOPLIST_KEY_UILaunchScreen_Generation = YES;
				INFOPLIST_KEY_UISupportedInterfaceOrientations_iPad = "UIInterfaceOrientationPortrait UIInterfaceOrientationPortraitUpsideDown UIInterfaceOrientationLandscapeLeft UIInterfaceOrientationLandscapeRight";
				INFOPLIST_KEY_UISupportedInterfaceOrientations_iPhone = "UIInterfaceOrientationPortrait UIInterfaceOrientationLandscapeLeft UIInterfaceOrientationLandscapeRight";
				LD_RUNPATH_SEARCH_PATHS = (
					"$(inherited)",
					"@executable_path/Frameworks",
				);
				MARKETING_VERSION = 1.0;
				PRODUCT_BUNDLE_IDENTIFIER = com.bobbyphtr.AsyncImageTutorial;
				PRODUCT_NAME = "$(TARGET_NAME)";
				SWIFT_EMIT_LOC_STRINGS = YES;
				SWIFT_VERSION = 5.0;
				TARGETED_DEVICE_FAMILY = "1,2";
			};
			name = Release;
		};
		8A0C16952897D40B00B67402 /* Debug */ = {
			isa = XCBuildConfiguration;
			buildSettings = {
				ASSETCATALOG_COMPILER_APPICON_NAME = AppIcon;
				ASSETCATALOG_COMPILER_GLOBAL_ACCENT_COLOR_NAME = AccentColor;
				CODE_SIGN_STYLE = Automatic;
				CURRENT_PROJECT_VERSION = 1;
				DEVELOPMENT_ASSET_PATHS = "\"TodoList/Preview Content\"";
				DEVELOPMENT_TEAM = 37A377RTH3;
				ENABLE_PREVIEWS = YES;
				GENERATE_INFOPLIST_FILE = YES;
				INFOPLIST_KEY_UIApplicationSceneManifest_Generation = YES;
				INFOPLIST_KEY_UIApplicationSupportsIndirectInputEvents = YES;
				INFOPLIST_KEY_UILaunchScreen_Generation = YES;
				INFOPLIST_KEY_UISupportedInterfaceOrientations_iPad = "UIInterfaceOrientationPortrait UIInterfaceOrientationPortraitUpsideDown UIInterfaceOrientationLandscapeLeft UIInterfaceOrientationLandscapeRight";
				INFOPLIST_KEY_UISupportedInterfaceOrientations_iPhone = "UIInterfaceOrientationPortrait UIInterfaceOrientationLandscapeLeft UIInterfaceOrientationLandscapeRight";
				IPHONEOS_DEPLOYMENT_TARGET = 15.4;
				LD_RUNPATH_SEARCH_PATHS = (
					"$(inherited)",
					"@executable_path/Frameworks",
				);
				MARKETING_VERSION = 1.0;
				PRODUCT_BUNDLE_IDENTIFIER = com.bobbyphtr.TodoList;
				PRODUCT_NAME = "$(TARGET_NAME)";
				SWIFT_EMIT_LOC_STRINGS = YES;
				SWIFT_VERSION = 5.0;
				TARGETED_DEVICE_FAMILY = "1,2";
			};
			name = Debug;
		};
		8A0C16962897D40B00B67402 /* Release */ = {
			isa = XCBuildConfiguration;
			buildSettings = {
				ASSETCATALOG_COMPILER_APPICON_NAME = AppIcon;
				ASSETCATALOG_COMPILER_GLOBAL_ACCENT_COLOR_NAME = AccentColor;
				CODE_SIGN_STYLE = Automatic;
				CURRENT_PROJECT_VERSION = 1;
				DEVELOPMENT_ASSET_PATHS = "\"TodoList/Preview Content\"";
				DEVELOPMENT_TEAM = 37A377RTH3;
				ENABLE_PREVIEWS = YES;
				GENERATE_INFOPLIST_FILE = YES;
				INFOPLIST_KEY_UIApplicationSceneManifest_Generation = YES;
				INFOPLIST_KEY_UIApplicationSupportsIndirectInputEvents = YES;
				INFOPLIST_KEY_UILaunchScreen_Generation = YES;
				INFOPLIST_KEY_UISupportedInterfaceOrientations_iPad = "UIInterfaceOrientationPortrait UIInterfaceOrientationPortraitUpsideDown UIInterfaceOrientationLandscapeLeft UIInterfaceOrientationLandscapeRight";
				INFOPLIST_KEY_UISupportedInterfaceOrientations_iPhone = "UIInterfaceOrientationPortrait UIInterfaceOrientationLandscapeLeft UIInterfaceOrientationLandscapeRight";
				IPHONEOS_DEPLOYMENT_TARGET = 15.4;
				LD_RUNPATH_SEARCH_PATHS = (
					"$(inherited)",
					"@executable_path/Frameworks",
				);
				MARKETING_VERSION = 1.0;
				PRODUCT_BUNDLE_IDENTIFIER = com.bobbyphtr.TodoList;
				PRODUCT_NAME = "$(TARGET_NAME)";
				SWIFT_EMIT_LOC_STRINGS = YES;
				SWIFT_VERSION = 5.0;
				TARGETED_DEVICE_FAMILY = "1,2";
			};
			name = Release;
		};
		8A18D70728B2217C0043A6E6 /* Debug */ = {
			isa = XCBuildConfiguration;
			buildSettings = {
				ASSETCATALOG_COMPILER_APPICON_NAME = AppIcon;
				ASSETCATALOG_COMPILER_GLOBAL_ACCENT_COLOR_NAME = AccentColor;
				CODE_SIGN_STYLE = Automatic;
				CURRENT_PROJECT_VERSION = 1;
				DEVELOPMENT_ASSET_PATHS = "\"Pinch/Preview Content\"";
				DEVELOPMENT_TEAM = 37A377RTH3;
				ENABLE_PREVIEWS = YES;
				GENERATE_INFOPLIST_FILE = YES;
				INFOPLIST_KEY_UIApplicationSceneManifest_Generation = YES;
				INFOPLIST_KEY_UIApplicationSupportsIndirectInputEvents = YES;
				INFOPLIST_KEY_UILaunchScreen_Generation = YES;
				INFOPLIST_KEY_UISupportedInterfaceOrientations = UIInterfaceOrientationPortrait;
				INFOPLIST_KEY_UISupportedInterfaceOrientations_iPad = "UIInterfaceOrientationPortrait UIInterfaceOrientationPortraitUpsideDown UIInterfaceOrientationLandscapeLeft UIInterfaceOrientationLandscapeRight";
				INFOPLIST_KEY_UISupportedInterfaceOrientations_iPhone = UIInterfaceOrientationPortrait;
				LD_RUNPATH_SEARCH_PATHS = (
					"$(inherited)",
					"@executable_path/Frameworks",
				);
				MARKETING_VERSION = 1.0;
				PRODUCT_BUNDLE_IDENTIFIER = com.bobbyphtr.Pinch;
				PRODUCT_NAME = "$(TARGET_NAME)";
				SWIFT_EMIT_LOC_STRINGS = YES;
				SWIFT_VERSION = 5.0;
				TARGETED_DEVICE_FAMILY = 1;
			};
			name = Debug;
		};
		8A18D70828B2217C0043A6E6 /* Release */ = {
			isa = XCBuildConfiguration;
			buildSettings = {
				ASSETCATALOG_COMPILER_APPICON_NAME = AppIcon;
				ASSETCATALOG_COMPILER_GLOBAL_ACCENT_COLOR_NAME = AccentColor;
				CODE_SIGN_STYLE = Automatic;
				CURRENT_PROJECT_VERSION = 1;
				DEVELOPMENT_ASSET_PATHS = "\"Pinch/Preview Content\"";
				DEVELOPMENT_TEAM = 37A377RTH3;
				ENABLE_PREVIEWS = YES;
				GENERATE_INFOPLIST_FILE = YES;
				INFOPLIST_KEY_UIApplicationSceneManifest_Generation = YES;
				INFOPLIST_KEY_UIApplicationSupportsIndirectInputEvents = YES;
				INFOPLIST_KEY_UILaunchScreen_Generation = YES;
				INFOPLIST_KEY_UISupportedInterfaceOrientations = UIInterfaceOrientationPortrait;
				INFOPLIST_KEY_UISupportedInterfaceOrientations_iPad = "UIInterfaceOrientationPortrait UIInterfaceOrientationPortraitUpsideDown UIInterfaceOrientationLandscapeLeft UIInterfaceOrientationLandscapeRight";
				INFOPLIST_KEY_UISupportedInterfaceOrientations_iPhone = UIInterfaceOrientationPortrait;
				LD_RUNPATH_SEARCH_PATHS = (
					"$(inherited)",
					"@executable_path/Frameworks",
				);
				MARKETING_VERSION = 1.0;
				PRODUCT_BUNDLE_IDENTIFIER = com.bobbyphtr.Pinch;
				PRODUCT_NAME = "$(TARGET_NAME)";
				SWIFT_EMIT_LOC_STRINGS = YES;
				SWIFT_VERSION = 5.0;
				TARGETED_DEVICE_FAMILY = 1;
			};
			name = Release;
		};
		8A8CCA4B28A905A7007AB83B /* Debug */ = {
			isa = XCBuildConfiguration;
			buildSettings = {
				ASSETCATALOG_COMPILER_APPICON_NAME = AppIcon;
				ASSETCATALOG_COMPILER_GLOBAL_ACCENT_COLOR_NAME = AccentColor;
				CODE_SIGN_STYLE = Automatic;
				CURRENT_PROJECT_VERSION = 1;
				DEVELOPMENT_ASSET_PATHS = "\"RestartApp/Preview Content\"";
				DEVELOPMENT_TEAM = 37A377RTH3;
				ENABLE_PREVIEWS = YES;
				GENERATE_INFOPLIST_FILE = YES;
				INFOPLIST_FILE = RestartApp/Info.plist;
				INFOPLIST_KEY_UIApplicationSceneManifest_Generation = YES;
				INFOPLIST_KEY_UIApplicationSupportsIndirectInputEvents = YES;
				INFOPLIST_KEY_UISupportedInterfaceOrientations = UIInterfaceOrientationPortrait;
				INFOPLIST_KEY_UISupportedInterfaceOrientations_iPad = "UIInterfaceOrientationPortrait UIInterfaceOrientationPortraitUpsideDown UIInterfaceOrientationLandscapeLeft UIInterfaceOrientationLandscapeRight";
				INFOPLIST_KEY_UISupportedInterfaceOrientations_iPhone = UIInterfaceOrientationPortrait;
				IPHONEOS_DEPLOYMENT_TARGET = 15.0;
				LD_RUNPATH_SEARCH_PATHS = (
					"$(inherited)",
					"@executable_path/Frameworks",
				);
				MARKETING_VERSION = 1.0;
				PRODUCT_BUNDLE_IDENTIFIER = com.bobbyphtr.RestartApp;
				PRODUCT_NAME = "$(TARGET_NAME)";
				SWIFT_EMIT_LOC_STRINGS = YES;
				SWIFT_VERSION = 5.0;
				TARGETED_DEVICE_FAMILY = "1,2";
			};
			name = Debug;
		};
		8A8CCA4C28A905A7007AB83B /* Release */ = {
			isa = XCBuildConfiguration;
			buildSettings = {
				ASSETCATALOG_COMPILER_APPICON_NAME = AppIcon;
				ASSETCATALOG_COMPILER_GLOBAL_ACCENT_COLOR_NAME = AccentColor;
				CODE_SIGN_STYLE = Automatic;
				CURRENT_PROJECT_VERSION = 1;
				DEVELOPMENT_ASSET_PATHS = "\"RestartApp/Preview Content\"";
				DEVELOPMENT_TEAM = 37A377RTH3;
				ENABLE_PREVIEWS = YES;
				GENERATE_INFOPLIST_FILE = YES;
				INFOPLIST_FILE = RestartApp/Info.plist;
				INFOPLIST_KEY_UIApplicationSceneManifest_Generation = YES;
				INFOPLIST_KEY_UIApplicationSupportsIndirectInputEvents = YES;
				INFOPLIST_KEY_UISupportedInterfaceOrientations = UIInterfaceOrientationPortrait;
				INFOPLIST_KEY_UISupportedInterfaceOrientations_iPad = "UIInterfaceOrientationPortrait UIInterfaceOrientationPortraitUpsideDown UIInterfaceOrientationLandscapeLeft UIInterfaceOrientationLandscapeRight";
				INFOPLIST_KEY_UISupportedInterfaceOrientations_iPhone = UIInterfaceOrientationPortrait;
				IPHONEOS_DEPLOYMENT_TARGET = 15.0;
				LD_RUNPATH_SEARCH_PATHS = (
					"$(inherited)",
					"@executable_path/Frameworks",
				);
				MARKETING_VERSION = 1.0;
				PRODUCT_BUNDLE_IDENTIFIER = com.bobbyphtr.RestartApp;
				PRODUCT_NAME = "$(TARGET_NAME)";
				SWIFT_EMIT_LOC_STRINGS = YES;
				SWIFT_VERSION = 5.0;
				TARGETED_DEVICE_FAMILY = "1,2";
			};
			name = Release;
		};
		8AA3332428AE1C4400C7CBFD /* Debug */ = {
			isa = XCBuildConfiguration;
			buildSettings = {
				ASSETCATALOG_COMPILER_APPICON_NAME = AppIcon;
				ASSETCATALOG_COMPILER_GLOBAL_ACCENT_COLOR_NAME = AccentColor;
				CODE_SIGN_STYLE = Automatic;
				CURRENT_PROJECT_VERSION = 1;
				DEVELOPMENT_TEAM = 37A377RTH3;
				GENERATE_INFOPLIST_FILE = YES;
				INFOPLIST_FILE = ArchExperiment/Info.plist;
				INFOPLIST_KEY_UIApplicationSupportsIndirectInputEvents = YES;
				INFOPLIST_KEY_UILaunchStoryboardName = LaunchScreen;
				INFOPLIST_KEY_UISupportedInterfaceOrientations_iPad = "UIInterfaceOrientationPortrait UIInterfaceOrientationPortraitUpsideDown UIInterfaceOrientationLandscapeLeft UIInterfaceOrientationLandscapeRight";
				INFOPLIST_KEY_UISupportedInterfaceOrientations_iPhone = "UIInterfaceOrientationPortrait UIInterfaceOrientationLandscapeLeft UIInterfaceOrientationLandscapeRight";
				LD_RUNPATH_SEARCH_PATHS = (
					"$(inherited)",
					"@executable_path/Frameworks",
				);
				MARKETING_VERSION = 1.0;
				PRODUCT_BUNDLE_IDENTIFIER = com.bobbyphtr.ArchExperiment;
				PRODUCT_NAME = "$(TARGET_NAME)";
				SWIFT_EMIT_LOC_STRINGS = YES;
				SWIFT_VERSION = 5.0;
				TARGETED_DEVICE_FAMILY = "1,2";
			};
			name = Debug;
		};
		8AA3332528AE1C4400C7CBFD /* Release */ = {
			isa = XCBuildConfiguration;
			buildSettings = {
				ASSETCATALOG_COMPILER_APPICON_NAME = AppIcon;
				ASSETCATALOG_COMPILER_GLOBAL_ACCENT_COLOR_NAME = AccentColor;
				CODE_SIGN_STYLE = Automatic;
				CURRENT_PROJECT_VERSION = 1;
				DEVELOPMENT_TEAM = 37A377RTH3;
				GENERATE_INFOPLIST_FILE = YES;
				INFOPLIST_FILE = ArchExperiment/Info.plist;
				INFOPLIST_KEY_UIApplicationSupportsIndirectInputEvents = YES;
				INFOPLIST_KEY_UILaunchStoryboardName = LaunchScreen;
				INFOPLIST_KEY_UISupportedInterfaceOrientations_iPad = "UIInterfaceOrientationPortrait UIInterfaceOrientationPortraitUpsideDown UIInterfaceOrientationLandscapeLeft UIInterfaceOrientationLandscapeRight";
				INFOPLIST_KEY_UISupportedInterfaceOrientations_iPhone = "UIInterfaceOrientationPortrait UIInterfaceOrientationLandscapeLeft UIInterfaceOrientationLandscapeRight";
				LD_RUNPATH_SEARCH_PATHS = (
					"$(inherited)",
					"@executable_path/Frameworks",
				);
				MARKETING_VERSION = 1.0;
				PRODUCT_BUNDLE_IDENTIFIER = com.bobbyphtr.ArchExperiment;
				PRODUCT_NAME = "$(TARGET_NAME)";
				SWIFT_EMIT_LOC_STRINGS = YES;
				SWIFT_VERSION = 5.0;
				TARGETED_DEVICE_FAMILY = "1,2";
			};
			name = Release;
		};
		8AADCCB62897AF6700AE80DC /* Debug */ = {
			isa = XCBuildConfiguration;
			buildSettings = {
				ALWAYS_SEARCH_USER_PATHS = NO;
				CLANG_ANALYZER_NONNULL = YES;
				CLANG_ANALYZER_NUMBER_OBJECT_CONVERSION = YES_AGGRESSIVE;
				CLANG_CXX_LANGUAGE_STANDARD = "gnu++17";
				CLANG_ENABLE_MODULES = YES;
				CLANG_ENABLE_OBJC_ARC = YES;
				CLANG_ENABLE_OBJC_WEAK = YES;
				CLANG_WARN_BLOCK_CAPTURE_AUTORELEASING = YES;
				CLANG_WARN_BOOL_CONVERSION = YES;
				CLANG_WARN_COMMA = YES;
				CLANG_WARN_CONSTANT_CONVERSION = YES;
				CLANG_WARN_DEPRECATED_OBJC_IMPLEMENTATIONS = YES;
				CLANG_WARN_DIRECT_OBJC_ISA_USAGE = YES_ERROR;
				CLANG_WARN_DOCUMENTATION_COMMENTS = YES;
				CLANG_WARN_EMPTY_BODY = YES;
				CLANG_WARN_ENUM_CONVERSION = YES;
				CLANG_WARN_INFINITE_RECURSION = YES;
				CLANG_WARN_INT_CONVERSION = YES;
				CLANG_WARN_NON_LITERAL_NULL_CONVERSION = YES;
				CLANG_WARN_OBJC_IMPLICIT_RETAIN_SELF = YES;
				CLANG_WARN_OBJC_LITERAL_CONVERSION = YES;
				CLANG_WARN_OBJC_ROOT_CLASS = YES_ERROR;
				CLANG_WARN_QUOTED_INCLUDE_IN_FRAMEWORK_HEADER = YES;
				CLANG_WARN_RANGE_LOOP_ANALYSIS = YES;
				CLANG_WARN_STRICT_PROTOTYPES = YES;
				CLANG_WARN_SUSPICIOUS_MOVE = YES;
				CLANG_WARN_UNGUARDED_AVAILABILITY = YES_AGGRESSIVE;
				CLANG_WARN_UNREACHABLE_CODE = YES;
				CLANG_WARN__DUPLICATE_METHOD_MATCH = YES;
				COPY_PHASE_STRIP = NO;
				DEBUG_INFORMATION_FORMAT = dwarf;
				ENABLE_STRICT_OBJC_MSGSEND = YES;
				ENABLE_TESTABILITY = YES;
				GCC_C_LANGUAGE_STANDARD = gnu11;
				GCC_DYNAMIC_NO_PIC = NO;
				GCC_NO_COMMON_BLOCKS = YES;
				GCC_OPTIMIZATION_LEVEL = 0;
				GCC_PREPROCESSOR_DEFINITIONS = (
					"DEBUG=1",
					"$(inherited)",
				);
				GCC_WARN_64_TO_32_BIT_CONVERSION = YES;
				GCC_WARN_ABOUT_RETURN_TYPE = YES_ERROR;
				GCC_WARN_UNDECLARED_SELECTOR = YES;
				GCC_WARN_UNINITIALIZED_AUTOS = YES_AGGRESSIVE;
				GCC_WARN_UNUSED_FUNCTION = YES;
				GCC_WARN_UNUSED_VARIABLE = YES;
				IPHONEOS_DEPLOYMENT_TARGET = 15.4;
				MTL_ENABLE_DEBUG_INFO = INCLUDE_SOURCE;
				MTL_FAST_MATH = YES;
				ONLY_ACTIVE_ARCH = YES;
				SDKROOT = iphoneos;
				SWIFT_ACTIVE_COMPILATION_CONDITIONS = DEBUG;
				SWIFT_OPTIMIZATION_LEVEL = "-Onone";
			};
			name = Debug;
		};
		8AADCCB72897AF6700AE80DC /* Release */ = {
			isa = XCBuildConfiguration;
			buildSettings = {
				ALWAYS_SEARCH_USER_PATHS = NO;
				CLANG_ANALYZER_NONNULL = YES;
				CLANG_ANALYZER_NUMBER_OBJECT_CONVERSION = YES_AGGRESSIVE;
				CLANG_CXX_LANGUAGE_STANDARD = "gnu++17";
				CLANG_ENABLE_MODULES = YES;
				CLANG_ENABLE_OBJC_ARC = YES;
				CLANG_ENABLE_OBJC_WEAK = YES;
				CLANG_WARN_BLOCK_CAPTURE_AUTORELEASING = YES;
				CLANG_WARN_BOOL_CONVERSION = YES;
				CLANG_WARN_COMMA = YES;
				CLANG_WARN_CONSTANT_CONVERSION = YES;
				CLANG_WARN_DEPRECATED_OBJC_IMPLEMENTATIONS = YES;
				CLANG_WARN_DIRECT_OBJC_ISA_USAGE = YES_ERROR;
				CLANG_WARN_DOCUMENTATION_COMMENTS = YES;
				CLANG_WARN_EMPTY_BODY = YES;
				CLANG_WARN_ENUM_CONVERSION = YES;
				CLANG_WARN_INFINITE_RECURSION = YES;
				CLANG_WARN_INT_CONVERSION = YES;
				CLANG_WARN_NON_LITERAL_NULL_CONVERSION = YES;
				CLANG_WARN_OBJC_IMPLICIT_RETAIN_SELF = YES;
				CLANG_WARN_OBJC_LITERAL_CONVERSION = YES;
				CLANG_WARN_OBJC_ROOT_CLASS = YES_ERROR;
				CLANG_WARN_QUOTED_INCLUDE_IN_FRAMEWORK_HEADER = YES;
				CLANG_WARN_RANGE_LOOP_ANALYSIS = YES;
				CLANG_WARN_STRICT_PROTOTYPES = YES;
				CLANG_WARN_SUSPICIOUS_MOVE = YES;
				CLANG_WARN_UNGUARDED_AVAILABILITY = YES_AGGRESSIVE;
				CLANG_WARN_UNREACHABLE_CODE = YES;
				CLANG_WARN__DUPLICATE_METHOD_MATCH = YES;
				COPY_PHASE_STRIP = NO;
				DEBUG_INFORMATION_FORMAT = "dwarf-with-dsym";
				ENABLE_NS_ASSERTIONS = NO;
				ENABLE_STRICT_OBJC_MSGSEND = YES;
				GCC_C_LANGUAGE_STANDARD = gnu11;
				GCC_NO_COMMON_BLOCKS = YES;
				GCC_WARN_64_TO_32_BIT_CONVERSION = YES;
				GCC_WARN_ABOUT_RETURN_TYPE = YES_ERROR;
				GCC_WARN_UNDECLARED_SELECTOR = YES;
				GCC_WARN_UNINITIALIZED_AUTOS = YES_AGGRESSIVE;
				GCC_WARN_UNUSED_FUNCTION = YES;
				GCC_WARN_UNUSED_VARIABLE = YES;
				IPHONEOS_DEPLOYMENT_TARGET = 15.4;
				MTL_ENABLE_DEBUG_INFO = NO;
				MTL_FAST_MATH = YES;
				SDKROOT = iphoneos;
				SWIFT_COMPILATION_MODE = wholemodule;
				SWIFT_OPTIMIZATION_LEVEL = "-O";
				VALIDATE_PRODUCT = YES;
			};
			name = Release;
		};
		8AADCCB92897AF6700AE80DC /* Debug */ = {
			isa = XCBuildConfiguration;
			buildSettings = {
				ASSETCATALOG_COMPILER_APPICON_NAME = AppIcon;
				ASSETCATALOG_COMPILER_GLOBAL_ACCENT_COLOR_NAME = AccentColor;
				CODE_SIGN_STYLE = Automatic;
				CURRENT_PROJECT_VERSION = 1;
				DEVELOPMENT_ASSET_PATHS = "\"LearnSwiftUI/Preview Content\"";
				DEVELOPMENT_TEAM = 37A377RTH3;
				ENABLE_PREVIEWS = YES;
				GENERATE_INFOPLIST_FILE = YES;
				INFOPLIST_FILE = LearnSwiftUI/Info.plist;
				INFOPLIST_KEY_UIApplicationSupportsIndirectInputEvents = YES;
				INFOPLIST_KEY_UILaunchScreen_Generation = YES;
				INFOPLIST_KEY_UISupportedInterfaceOrientations_iPad = "UIInterfaceOrientationPortrait UIInterfaceOrientationPortraitUpsideDown UIInterfaceOrientationLandscapeLeft UIInterfaceOrientationLandscapeRight";
				INFOPLIST_KEY_UISupportedInterfaceOrientations_iPhone = "UIInterfaceOrientationPortrait UIInterfaceOrientationLandscapeLeft UIInterfaceOrientationLandscapeRight";
				LD_RUNPATH_SEARCH_PATHS = (
					"$(inherited)",
					"@executable_path/Frameworks",
				);
				MARKETING_VERSION = 1.0;
				PRODUCT_BUNDLE_IDENTIFIER = com.bobbyphtr.LearnSwiftUI;
				PRODUCT_NAME = "$(TARGET_NAME)";
				SWIFT_EMIT_LOC_STRINGS = YES;
				SWIFT_VERSION = 5.0;
				TARGETED_DEVICE_FAMILY = "1,2";
			};
			name = Debug;
		};
		8AADCCBA2897AF6700AE80DC /* Release */ = {
			isa = XCBuildConfiguration;
			buildSettings = {
				ASSETCATALOG_COMPILER_APPICON_NAME = AppIcon;
				ASSETCATALOG_COMPILER_GLOBAL_ACCENT_COLOR_NAME = AccentColor;
				CODE_SIGN_STYLE = Automatic;
				CURRENT_PROJECT_VERSION = 1;
				DEVELOPMENT_ASSET_PATHS = "\"LearnSwiftUI/Preview Content\"";
				DEVELOPMENT_TEAM = 37A377RTH3;
				ENABLE_PREVIEWS = YES;
				GENERATE_INFOPLIST_FILE = YES;
				INFOPLIST_FILE = LearnSwiftUI/Info.plist;
				INFOPLIST_KEY_UIApplicationSupportsIndirectInputEvents = YES;
				INFOPLIST_KEY_UILaunchScreen_Generation = YES;
				INFOPLIST_KEY_UISupportedInterfaceOrientations_iPad = "UIInterfaceOrientationPortrait UIInterfaceOrientationPortraitUpsideDown UIInterfaceOrientationLandscapeLeft UIInterfaceOrientationLandscapeRight";
				INFOPLIST_KEY_UISupportedInterfaceOrientations_iPhone = "UIInterfaceOrientationPortrait UIInterfaceOrientationLandscapeLeft UIInterfaceOrientationLandscapeRight";
				LD_RUNPATH_SEARCH_PATHS = (
					"$(inherited)",
					"@executable_path/Frameworks",
				);
				MARKETING_VERSION = 1.0;
				PRODUCT_BUNDLE_IDENTIFIER = com.bobbyphtr.LearnSwiftUI;
				PRODUCT_NAME = "$(TARGET_NAME)";
				SWIFT_EMIT_LOC_STRINGS = YES;
				SWIFT_VERSION = 5.0;
				TARGETED_DEVICE_FAMILY = "1,2";
			};
			name = Release;
		};
/* End XCBuildConfiguration section */

/* Begin XCConfigurationList section */
		8A03074728A22CCF00600584 /* Build configuration list for PBXNativeTarget "AsyncImageTutorial" */ = {
			isa = XCConfigurationList;
			buildConfigurations = (
				8A03074528A22CCF00600584 /* Debug */,
				8A03074628A22CCF00600584 /* Release */,
			);
			defaultConfigurationIsVisible = 0;
			defaultConfigurationName = Release;
		};
		8A0C16942897D40B00B67402 /* Build configuration list for PBXNativeTarget "TodoList" */ = {
			isa = XCConfigurationList;
			buildConfigurations = (
				8A0C16952897D40B00B67402 /* Debug */,
				8A0C16962897D40B00B67402 /* Release */,
			);
			defaultConfigurationIsVisible = 0;
			defaultConfigurationName = Release;
		};
		8A18D70928B2217C0043A6E6 /* Build configuration list for PBXNativeTarget "Pinch" */ = {
			isa = XCConfigurationList;
			buildConfigurations = (
				8A18D70728B2217C0043A6E6 /* Debug */,
				8A18D70828B2217C0043A6E6 /* Release */,
			);
			defaultConfigurationIsVisible = 0;
			defaultConfigurationName = Release;
		};
		8A8CCA4D28A905A7007AB83B /* Build configuration list for PBXNativeTarget "RestartApp" */ = {
			isa = XCConfigurationList;
			buildConfigurations = (
				8A8CCA4B28A905A7007AB83B /* Debug */,
				8A8CCA4C28A905A7007AB83B /* Release */,
			);
			defaultConfigurationIsVisible = 0;
			defaultConfigurationName = Release;
		};
		8AA3332328AE1C4400C7CBFD /* Build configuration list for PBXNativeTarget "ArchExperiment" */ = {
			isa = XCConfigurationList;
			buildConfigurations = (
				8AA3332428AE1C4400C7CBFD /* Debug */,
				8AA3332528AE1C4400C7CBFD /* Release */,
			);
			defaultConfigurationIsVisible = 0;
			defaultConfigurationName = Release;
		};
		8AADCCA52897AF6400AE80DC /* Build configuration list for PBXProject "LearnSwiftUI" */ = {
			isa = XCConfigurationList;
			buildConfigurations = (
				8AADCCB62897AF6700AE80DC /* Debug */,
				8AADCCB72897AF6700AE80DC /* Release */,
			);
			defaultConfigurationIsVisible = 0;
			defaultConfigurationName = Release;
		};
		8AADCCB82897AF6700AE80DC /* Build configuration list for PBXNativeTarget "LearnSwiftUI" */ = {
			isa = XCConfigurationList;
			buildConfigurations = (
				8AADCCB92897AF6700AE80DC /* Debug */,
				8AADCCBA2897AF6700AE80DC /* Release */,
			);
			defaultConfigurationIsVisible = 0;
			defaultConfigurationName = Release;
		};
/* End XCConfigurationList section */
	};
	rootObject = 8AADCCA22897AF6400AE80DC /* Project object */;
}
